
Microsoft Visual Studio Solution File, Format Version 12.00
# Visual Studio Version 17
VisualStudioVersion = 17.7.34031.279
MinimumVisualStudioVersion = 10.0.40219.1
Project("{FAE04EC0-301F-11D3-BF4B-00C04F79EFBC}") = "Home Task", "Home Task.csproj", "{262F897C-1EC6-4FE0-BF25-302F9A1974DB}"
EndProject
Global
	GlobalSection(SolutionConfigurationPlatforms) = preSolution
		Debug|Any CPU = Debug|Any CPU
		Release|Any CPU = Release|Any CPU
	EndGlobalSection
	GlobalSection(ProjectConfigurationPlatforms) = postSolution
		{262F897C-1EC6-4FE0-BF25-302F9A1974DB}.Debug|Any CPU.ActiveCfg = Debug|Any CPU
		{262F897C-1EC6-4FE0-BF25-302F9A1974DB}.Debug|Any CPU.Build.0 = Debug|Any CPU
		{262F897C-1EC6-4FE0-BF25-302F9A1974DB}.Release|Any CPU.ActiveCfg = Release|Any CPU
		{262F897C-1EC6-4FE0-BF25-302F9A1974DB}.Release|Any CPU.Build.0 = Release|Any CPU
	EndGlobalSection
	GlobalSection(SolutionProperties) = preSolution
		HideSolutionNode = FALSE
	EndGlobalSection
	GlobalSection(ExtensibilityGlobals) = postSolution
		SolutionGuid = {5F24D120-EB21-470D-9CED-A4E75BB2CA0B}
	EndGlobalSection
EndGlobal
